// !$*UTF8*$!
{
	archiveVersion = 1;
	classes = {
	};
	objectVersion = 54;
	objects = {

/* Begin PBXBuildFile section */
		1247DD0038B7B80CEBEE5335 /* App in Frameworks */ = {isa = PBXBuildFile; productRef = 7942C24BAB159315B9DF8D3E /* App */; };
		28498E5968859B37894966C0 /* Assets.xcassets in Resources */ = {isa = PBXBuildFile; fileRef = 07720FEA17C1176A46D7420A /* Assets.xcassets */; };
		4756FAE42D7642DAD9A57E7D /* AppDelegate.swift in Sources */ = {isa = PBXBuildFile; fileRef = D682348E4980123799E8A590 /* AppDelegate.swift */; };
		B86FC7E5D7EBD5CB45A0D207 /* LaunchScreen.storyboard in Resources */ = {isa = PBXBuildFile; fileRef = 16865D7FEB486550D4FDF0FE /* LaunchScreen.storyboard */; };
/* End PBXBuildFile section */

/* Begin PBXFileReference section */
		07720FEA17C1176A46D7420A /* Assets.xcassets */ = {isa = PBXFileReference; lastKnownFileType = folder.assetcatalog; path = Assets.xcassets; sourceTree = "<group>"; };
		16865D7FEB486550D4FDF0FE /* LaunchScreen.storyboard */ = {isa = PBXFileReference; lastKnownFileType = file.storyboard; path = LaunchScreen.storyboard; sourceTree = "<group>"; };
		5CFBBEF34861519DDC50D707 /* mockolo-sample */ = {isa = PBXFileReference; lastKnownFileType = folder; name = "mockolo-sample"; path = ..; sourceTree = SOURCE_ROOT; };
		AEDD71204B8083663D8A03B2 /* mockolo-sample.app */ = {isa = PBXFileReference; includeInIndex = 0; lastKnownFileType = wrapper.application; path = "mockolo-sample.app"; sourceTree = BUILT_PRODUCTS_DIR; };
		D682348E4980123799E8A590 /* AppDelegate.swift */ = {isa = PBXFileReference; lastKnownFileType = sourcecode.swift; path = AppDelegate.swift; sourceTree = "<group>"; };
/* End PBXFileReference section */

/* Begin PBXFrameworksBuildPhase section */
		D4679C8AC843348FDBA7301B /* Frameworks */ = {
			isa = PBXFrameworksBuildPhase;
			buildActionMask = 2147483647;
			files = (
				1247DD0038B7B80CEBEE5335 /* App in Frameworks */,
			);
			runOnlyForDeploymentPostprocessing = 0;
		};
/* End PBXFrameworksBuildPhase section */

/* Begin PBXGroup section */
		130DAC8BBC659900063D252C = {
			isa = PBXGroup;
			children = (
				68DFB6831E137AE23CC8E203 /* iOS */,
				6B8B980E6B81CACF34AE3CA3 /* Packages */,
				F9F9F2ADAC834B98C539C344 /* Products */,
			);
			sourceTree = "<group>";
		};
		30FD0B7927CDFD875757E68A /* Storyboards */ = {
			isa = PBXGroup;
			children = (
				16865D7FEB486550D4FDF0FE /* LaunchScreen.storyboard */,
			);
			path = Storyboards;
			sourceTree = "<group>";
		};
		68DFB6831E137AE23CC8E203 /* iOS */ = {
			isa = PBXGroup;
			children = (
				D682348E4980123799E8A590 /* AppDelegate.swift */,
				8CD28470FC69FAF88DA095DB /* Resources */,
			);
			path = iOS;
			sourceTree = "<group>";
		};
		6B8B980E6B81CACF34AE3CA3 /* Packages */ = {
			isa = PBXGroup;
			children = (
				5CFBBEF34861519DDC50D707 /* mockolo-sample */,
			);
			name = Packages;
			sourceTree = SOURCE_ROOT;
		};
		8CD28470FC69FAF88DA095DB /* Resources */ = {
			isa = PBXGroup;
			children = (
				07720FEA17C1176A46D7420A /* Assets.xcassets */,
				30FD0B7927CDFD875757E68A /* Storyboards */,
			);
			path = Resources;
			sourceTree = "<group>";
		};
		F9F9F2ADAC834B98C539C344 /* Products */ = {
			isa = PBXGroup;
			children = (
				AEDD71204B8083663D8A03B2 /* mockolo-sample.app */,
			);
			name = Products;
			sourceTree = "<group>";
		};
/* End PBXGroup section */

/* Begin PBXNativeTarget section */
		AC9FF1BF56313E6A68CC5E3D /* mockolo-sample */ = {
			isa = PBXNativeTarget;
			buildConfigurationList = A6EC1D35E7FEE0C5D31CBF81 /* Build configuration list for PBXNativeTarget "mockolo-sample" */;
			buildPhases = (
				169D3A7D22637818A37E2CE2 /* Sources */,
				D975E87B4947F3052F12E20F /* Resources */,
				D4679C8AC843348FDBA7301B /* Frameworks */,
				D8EB28C287C3A15A7D366F67 /* Run SwiftLint */,
			);
			buildRules = (
			);
			dependencies = (
			);
			name = "mockolo-sample";
			packageProductDependencies = (
				7942C24BAB159315B9DF8D3E /* App */,
			);
			productName = "mockolo-sample";
			productReference = AEDD71204B8083663D8A03B2 /* mockolo-sample.app */;
			productType = "com.apple.product-type.application";
		};
/* End PBXNativeTarget section */

/* Begin PBXProject section */
		31E5E3547C3656CC61D91CD9 /* Project object */ = {
			isa = PBXProject;
			attributes = {
				BuildIndependentTargetsInParallel = YES;
				LastUpgradeCheck = 1500;
				TargetAttributes = {
				};
			};
			buildConfigurationList = 04A6A8562EE05D8C204FCD8D /* Build configuration list for PBXProject "mockolo-sample" */;
			compatibilityVersion = "Xcode 14.0";
			developmentRegion = en;
			hasScannedForEncodings = 0;
			knownRegions = (
				Base,
				en,
			);
			mainGroup = 130DAC8BBC659900063D252C;
			projectDirPath = "";
			projectRoot = "";
			targets = (
				AC9FF1BF56313E6A68CC5E3D /* mockolo-sample */,
			);
		};
/* End PBXProject section */

/* Begin PBXResourcesBuildPhase section */
		D975E87B4947F3052F12E20F /* Resources */ = {
			isa = PBXResourcesBuildPhase;
			buildActionMask = 2147483647;
			files = (
				28498E5968859B37894966C0 /* Assets.xcassets in Resources */,
				B86FC7E5D7EBD5CB45A0D207 /* LaunchScreen.storyboard in Resources */,
			);
			runOnlyForDeploymentPostprocessing = 0;
		};
/* End PBXResourcesBuildPhase section */

/* Begin PBXShellScriptBuildPhase section */
		D8EB28C287C3A15A7D366F67 /* Run SwiftLint */ = {
			isa = PBXShellScriptBuildPhase;
			buildActionMask = 2147483647;
			files = (
			);
			inputFileListPaths = (
			);
			inputPaths = (
			);
			name = "Run SwiftLint";
			outputFileListPaths = (
			);
			outputPaths = (
			);
			runOnlyForDeploymentPostprocessing = 0;
			shellPath = /bin/sh;
			shellScript = "cd $SRCROOT/..\n\nmake lint";
		};
/* End PBXShellScriptBuildPhase section */

/* Begin PBXSourcesBuildPhase section */
		169D3A7D22637818A37E2CE2 /* Sources */ = {
			isa = PBXSourcesBuildPhase;
			buildActionMask = 2147483647;
			files = (
				4756FAE42D7642DAD9A57E7D /* AppDelegate.swift in Sources */,
			);
			runOnlyForDeploymentPostprocessing = 0;
		};
/* End PBXSourcesBuildPhase section */

/* Begin XCBuildConfiguration section */
		0BB0792101D4DE40B9BEDAC9 /* Debug */ = {
			isa = XCBuildConfiguration;
			buildSettings = {
				ASSETCATALOG_COMPILER_APPICON_NAME = AppIcon;
				CODE_SIGN_IDENTITY = "iPhone Developer";
				CURRENT_PROJECT_VERSION = 1;
				ENABLE_PREVIEWS = YES;
				ENABLE_USER_SCRIPT_SANDBOXING = NO;
				GENERATE_INFOPLIST_FILE = YES;
				INFOPLIST_KEY_CFBundleDisplayName = "${PRODUCT_NAME}";
				INFOPLIST_KEY_UILaunchStoryboardName = LaunchScreen.storyboard;
				INFOPLIST_KEY_UISupportedInterfaceOrientations = (
					UIInterfaceOrientationPortrait,
					UIInterfaceOrientationLandscapeLeft,
					UIInterfaceOrientationLandscapeRight,
				);
				INFOPLIST_KEY_UISupportedInterfaceOrientations_iPad = (
					UIInterfaceOrientationPortrait,
					UIInterfaceOrientationPortraitUpsideDown,
					UIInterfaceOrientationLandscapeLeft,
					UIInterfaceOrientationLandscapeRight,
				);
				LD_RUNPATH_SEARCH_PATHS = (
					"$(inherited)",
					"@executable_path/Frameworks",
				);
				MARKETING_VERSION = 1.0.0;
				PRODUCT_BUNDLE_IDENTIFIER = "com.github.droibit.sample.${PRODUCT_NAME}";
				PRODUCT_NAME = $TARGET_NAME;
				SDKROOT = iphoneos;
				TARGETED_DEVICE_FAMILY = "1,2";
			};
			name = Debug;
		};
		7A3A001A0383A3143B310AC1 /* Release */ = {
			isa = XCBuildConfiguration;
			buildSettings = {
				ALWAYS_SEARCH_USER_PATHS = NO;
				CLANG_ANALYZER_NONNULL = YES;
				CLANG_ANALYZER_NUMBER_OBJECT_CONVERSION = YES_AGGRESSIVE;
				CLANG_CXX_LANGUAGE_STANDARD = "gnu++14";
				CLANG_CXX_LIBRARY = "libc++";
				CLANG_ENABLE_MODULES = YES;
				CLANG_ENABLE_OBJC_ARC = YES;
				CLANG_ENABLE_OBJC_WEAK = YES;
				CLANG_WARN_BLOCK_CAPTURE_AUTORELEASING = YES;
				CLANG_WARN_BOOL_CONVERSION = YES;
				CLANG_WARN_COMMA = YES;
				CLANG_WARN_CONSTANT_CONVERSION = YES;
				CLANG_WARN_DEPRECATED_OBJC_IMPLEMENTATIONS = YES;
				CLANG_WARN_DIRECT_OBJC_ISA_USAGE = YES_ERROR;
				CLANG_WARN_DOCUMENTATION_COMMENTS = YES;
				CLANG_WARN_EMPTY_BODY = YES;
				CLANG_WARN_ENUM_CONVERSION = YES;
				CLANG_WARN_INFINITE_RECURSION = YES;
				CLANG_WARN_INT_CONVERSION = YES;
				CLANG_WARN_NON_LITERAL_NULL_CONVERSION = YES;
				CLANG_WARN_OBJC_IMPLICIT_RETAIN_SELF = YES;
				CLANG_WARN_OBJC_LITERAL_CONVERSION = YES;
				CLANG_WARN_OBJC_ROOT_CLASS = YES_ERROR;
				CLANG_WARN_QUOTED_INCLUDE_IN_FRAMEWORK_HEADER = YES;
				CLANG_WARN_RANGE_LOOP_ANALYSIS = YES;
				CLANG_WARN_STRICT_PROTOTYPES = YES;
				CLANG_WARN_SUSPICIOUS_MOVE = YES;
				CLANG_WARN_UNGUARDED_AVAILABILITY = YES_AGGRESSIVE;
				CLANG_WARN_UNREACHABLE_CODE = YES;
				CLANG_WARN__DUPLICATE_METHOD_MATCH = YES;
				COPY_PHASE_STRIP = NO;
				DEBUG_INFORMATION_FORMAT = "dwarf-with-dsym";
				ENABLE_NS_ASSERTIONS = NO;
				ENABLE_STRICT_OBJC_MSGSEND = YES;
				GCC_C_LANGUAGE_STANDARD = gnu11;
				GCC_NO_COMMON_BLOCKS = YES;
				GCC_WARN_64_TO_32_BIT_CONVERSION = YES;
				GCC_WARN_ABOUT_RETURN_TYPE = YES_ERROR;
				GCC_WARN_UNDECLARED_SELECTOR = YES;
				GCC_WARN_UNINITIALIZED_AUTOS = YES_AGGRESSIVE;
				GCC_WARN_UNUSED_FUNCTION = YES;
				GCC_WARN_UNUSED_VARIABLE = YES;
				IPHONEOS_DEPLOYMENT_TARGET = 17.0;
				MTL_ENABLE_DEBUG_INFO = NO;
				MTL_FAST_MATH = YES;
				PRODUCT_NAME = "$(TARGET_NAME)";
				SDKROOT = iphoneos;
				SWIFT_COMPILATION_MODE = wholemodule;
				SWIFT_OPTIMIZATION_LEVEL = "-O";
				SWIFT_VERSION = 5.0;
			};
			name = Release;
		};
		D2A50DE93937EB7C7667CEE5 /* Debug */ = {
			isa = XCBuildConfiguration;
			buildSettings = {
				ALWAYS_SEARCH_USER_PATHS = NO;
				CLANG_ANALYZER_NONNULL = YES;
				CLANG_ANALYZER_NUMBER_OBJECT_CONVERSION = YES_AGGRESSIVE;
				CLANG_CXX_LANGUAGE_STANDARD = "gnu++14";
				CLANG_CXX_LIBRARY = "libc++";
				CLANG_ENABLE_MODULES = YES;
				CLANG_ENABLE_OBJC_ARC = YES;
				CLANG_ENABLE_OBJC_WEAK = YES;
				CLANG_WARN_BLOCK_CAPTURE_AUTORELEASING = YES;
				CLANG_WARN_BOOL_CONVERSION = YES;
				CLANG_WARN_COMMA = YES;
				CLANG_WARN_CONSTANT_CONVERSION = YES;
				CLANG_WARN_DEPRECATED_OBJC_IMPLEMENTATIONS = YES;
				CLANG_WARN_DIRECT_OBJC_ISA_USAGE = YES_ERROR;
				CLANG_WARN_DOCUMENTATION_COMMENTS = YES;
				CLANG_WARN_EMPTY_BODY = YES;
				CLANG_WARN_ENUM_CONVERSION = YES;
				CLANG_WARN_INFINITE_RECURSION = YES;
				CLANG_WARN_INT_CONVERSION = YES;
				CLANG_WARN_NON_LITERAL_NULL_CONVERSION = YES;
				CLANG_WARN_OBJC_IMPLICIT_RETAIN_SELF = YES;
				CLANG_WARN_OBJC_LITERAL_CONVERSION = YES;
				CLANG_WARN_OBJC_ROOT_CLASS = YES_ERROR;
				CLANG_WARN_QUOTED_INCLUDE_IN_FRAMEWORK_HEADER = YES;
				CLANG_WARN_RANGE_LOOP_ANALYSIS = YES;
				CLANG_WARN_STRICT_PROTOTYPES = YES;
				CLANG_WARN_SUSPICIOUS_MOVE = YES;
				CLANG_WARN_UNGUARDED_AVAILABILITY = YES_AGGRESSIVE;
				CLANG_WARN_UNREACHABLE_CODE = YES;
				CLANG_WARN__DUPLICATE_METHOD_MATCH = YES;
				COPY_PHASE_STRIP = NO;
				DEBUG_INFORMATION_FORMAT = dwarf;
				ENABLE_STRICT_OBJC_MSGSEND = YES;
				ENABLE_TESTABILITY = YES;
				GCC_C_LANGUAGE_STANDARD = gnu11;
				GCC_DYNAMIC_NO_PIC = NO;
				GCC_NO_COMMON_BLOCKS = YES;
				GCC_OPTIMIZATION_LEVEL = 0;
				GCC_PREPROCESSOR_DEFINITIONS = (
					"$(inherited)",
					"DEBUG=1",
				);
				GCC_WARN_64_TO_32_BIT_CONVERSION = YES;
				GCC_WARN_ABOUT_RETURN_TYPE = YES_ERROR;
				GCC_WARN_UNDECLARED_SELECTOR = YES;
				GCC_WARN_UNINITIALIZED_AUTOS = YES_AGGRESSIVE;
				GCC_WARN_UNUSED_FUNCTION = YES;
				GCC_WARN_UNUSED_VARIABLE = YES;
				IPHONEOS_DEPLOYMENT_TARGET = 17.0;
				MTL_ENABLE_DEBUG_INFO = INCLUDE_SOURCE;
				MTL_FAST_MATH = YES;
				ONLY_ACTIVE_ARCH = YES;
				PRODUCT_NAME = "$(TARGET_NAME)";
				SDKROOT = iphoneos;
				SWIFT_ACTIVE_COMPILATION_CONDITIONS = DEBUG;
				SWIFT_OPTIMIZATION_LEVEL = "-Onone";
				SWIFT_VERSION = 5.0;
			};
			name = Debug;
		};
		FFA64B167B04C57B31352F77 /* Release */ = {
			isa = XCBuildConfiguration;
			buildSettings = {
				ASSETCATALOG_COMPILER_APPICON_NAME = AppIcon;
				CODE_SIGN_IDENTITY = "iPhone Developer";
				CURRENT_PROJECT_VERSION = 1;
				ENABLE_PREVIEWS = YES;
				ENABLE_USER_SCRIPT_SANDBOXING = NO;
				GENERATE_INFOPLIST_FILE = YES;
				INFOPLIST_KEY_CFBundleDisplayName = "${PRODUCT_NAME}";
				INFOPLIST_KEY_UILaunchStoryboardName = LaunchScreen.storyboard;
				INFOPLIST_KEY_UISupportedInterfaceOrientations = (
					UIInterfaceOrientationPortrait,
					UIInterfaceOrientationLandscapeLeft,
					UIInterfaceOrientationLandscapeRight,
				);
				INFOPLIST_KEY_UISupportedInterfaceOrientations_iPad = (
					UIInterfaceOrientationPortrait,
					UIInterfaceOrientationPortraitUpsideDown,
					UIInterfaceOrientationLandscapeLeft,
					UIInterfaceOrientationLandscapeRight,
				);
				LD_RUNPATH_SEARCH_PATHS = (
					"$(inherited)",
					"@executable_path/Frameworks",
				);
				MARKETING_VERSION = 1.0.0;
				PRODUCT_BUNDLE_IDENTIFIER = "com.github.droibit.sample.${PRODUCT_NAME}";
				PRODUCT_NAME = $TARGET_NAME;
				SDKROOT = iphoneos;
				TARGETED_DEVICE_FAMILY = "1,2";
			};
			name = Release;
		};
/* End XCBuildConfiguration section */

/* Begin XCConfigurationList section */
		04A6A8562EE05D8C204FCD8D /* Build configuration list for PBXProject "mockolo-sample" */ = {
			isa = XCConfigurationList;
			buildConfigurations = (
				D2A50DE93937EB7C7667CEE5 /* Debug */,
				7A3A001A0383A3143B310AC1 /* Release */,
			);
			defaultConfigurationIsVisible = 0;
			defaultConfigurationName = Debug;
		};
		A6EC1D35E7FEE0C5D31CBF81 /* Build configuration list for PBXNativeTarget "mockolo-sample" */ = {
			isa = XCConfigurationList;
			buildConfigurations = (
				0BB0792101D4DE40B9BEDAC9 /* Debug */,
				FFA64B167B04C57B31352F77 /* Release */,
			);
			defaultConfigurationIsVisible = 0;
			defaultConfigurationName = Debug;
		};
/* End XCConfigurationList section */

/* Begin XCSwiftPackageProductDependency section */
		7942C24BAB159315B9DF8D3E /* App */ = {
			isa = XCSwiftPackageProductDependency;
			productName = App;
		};
/* End XCSwiftPackageProductDependency section */
	};
	rootObject = 31E5E3547C3656CC61D91CD9 /* Project object */;
}
