// !$*UTF8*$!
{
	archiveVersion = 1;
	classes = {
	};
	objectVersion = 56;
	objects = {

/* Begin PBXBuildFile section */
		DAC233B529BF43D000609709 /* Features in Frameworks */ = {isa = PBXBuildFile; productRef = DAC233B429BF43D000609709 /* Features */; };
		DAC233BF29BF48A000609709 /* AppDelegate.swift in Sources */ = {isa = PBXBuildFile; fileRef = DAC233BE29BF44B300609709 /* AppDelegate.swift */; };
/* End PBXBuildFile section */

/* Begin PBXFileReference section */
		BF3AB4C315BBB8A7B410A408 /* SwiftGenSample.app */ = {isa = PBXFileReference; includeInIndex = 0; lastKnownFileType = wrapper.application; path = SwiftGenSample.app; sourceTree = BUILT_PRODUCTS_DIR; };
		DAC233B229BF43AF00609709 /* swiftgen-sample */ = {isa = PBXFileReference; lastKnownFileType = wrapper; name = "swiftgen-sample"; path = ..; sourceTree = "<group>"; };
		DAC233BB29BF44B300609709 /* LaunchScreen.storyboard */ = {isa = PBXFileReference; lastKnownFileType = file.storyboard; path = LaunchScreen.storyboard; sourceTree = "<group>"; };
		DAC233BC29BF44B300609709 /* Assets.xcassets */ = {isa = PBXFileReference; lastKnownFileType = folder.assetcatalog; path = Assets.xcassets; sourceTree = "<group>"; };
		DAC233BD29BF44B300609709 /* Info.plist */ = {isa = PBXFileReference; lastKnownFileType = text.plist.xml; path = Info.plist; sourceTree = "<group>"; };
		DAC233BE29BF44B300609709 /* AppDelegate.swift */ = {isa = PBXFileReference; lastKnownFileType = sourcecode.swift; path = AppDelegate.swift; sourceTree = "<group>"; };
/* End PBXFileReference section */

/* Begin PBXFrameworksBuildPhase section */
		DAC233B029BF438500609709 /* Frameworks */ = {
			isa = PBXFrameworksBuildPhase;
			buildActionMask = 2147483647;
			files = (
				DAC233B529BF43D000609709 /* Features in Frameworks */,
			);
			runOnlyForDeploymentPostprocessing = 0;
		};
/* End PBXFrameworksBuildPhase section */

/* Begin PBXGroup section */
		104EA8F08729B5E30C137721 /* Products */ = {
			isa = PBXGroup;
			children = (
				BF3AB4C315BBB8A7B410A408 /* SwiftGenSample.app */,
			);
			name = Products;
			sourceTree = "<group>";
		};
		94E52738AA8FED53238564A4 = {
			isa = PBXGroup;
			children = (
				DAC233B829BF44B300609709 /* iOS */,
				DAC233B229BF43AF00609709 /* swiftgen-sample */,
				104EA8F08729B5E30C137721 /* Products */,
				DAC233B329BF43D000609709 /* Frameworks */,
			);
			sourceTree = "<group>";
		};
		DAC233B329BF43D000609709 /* Frameworks */ = {
			isa = PBXGroup;
			children = (
			);
			name = Frameworks;
			sourceTree = "<group>";
		};
		DAC233B829BF44B300609709 /* iOS */ = {
			isa = PBXGroup;
			children = (
				DAC233B929BF44B300609709 /* Resources */,
				DAC233BE29BF44B300609709 /* AppDelegate.swift */,
			);
			path = iOS;
			sourceTree = "<group>";
		};
		DAC233B929BF44B300609709 /* Resources */ = {
			isa = PBXGroup;
			children = (
				DAC233BA29BF44B300609709 /* Storyboards */,
				DAC233BC29BF44B300609709 /* Assets.xcassets */,
				DAC233BD29BF44B300609709 /* Info.plist */,
			);
			path = Resources;
			sourceTree = "<group>";
		};
		DAC233BA29BF44B300609709 /* Storyboards */ = {
			isa = PBXGroup;
			children = (
				DAC233BB29BF44B300609709 /* LaunchScreen.storyboard */,
			);
			path = Storyboards;
			sourceTree = "<group>";
		};
/* End PBXGroup section */

/* Begin PBXNativeTarget section */
		24119423DFB05B3098DC3DFF /* SwiftGenSample */ = {
			isa = PBXNativeTarget;
			buildConfigurationList = A7DEBB737499F4E8022F7F30 /* Build configuration list for PBXNativeTarget "SwiftGenSample" */;
			buildPhases = (
				C57EE1EF731ED9D3C9EC7E3B /* Sources */,
				DAC233B029BF438500609709 /* Frameworks */,
				C5003ED242ABC6F78C10BD4C /* Resources */,
			);
			buildRules = (
			);
			dependencies = (
			);
			name = SwiftGenSample;
			packageProductDependencies = (
				DAC233B429BF43D000609709 /* Features */,
			);
			productName = SwiftGenSample;
			productReference = BF3AB4C315BBB8A7B410A408 /* SwiftGenSample.app */;
			productType = "com.apple.product-type.application";
		};
/* End PBXNativeTarget section */

/* Begin PBXProject section */
		E05650A40A1A275B82616CAE /* Project object */ = {
			isa = PBXProject;
			attributes = {
				LastUpgradeCheck = 1400;
			};
			buildConfigurationList = 6AF008E52A3CE559F05CC876 /* Build configuration list for PBXProject "SwiftGenSample" */;
			compatibilityVersion = "Xcode 14.0";
			developmentRegion = en;
			hasScannedForEncodings = 0;
			knownRegions = (
				Base,
				en,
				ja,
			);
			mainGroup = 94E52738AA8FED53238564A4;
			projectDirPath = "";
			projectRoot = "";
			targets = (
				24119423DFB05B3098DC3DFF /* SwiftGenSample */,
			);
		};
/* End PBXProject section */

/* Begin PBXResourcesBuildPhase section */
		C5003ED242ABC6F78C10BD4C /* Resources */ = {
			isa = PBXResourcesBuildPhase;
			buildActionMask = 2147483647;
			files = (
			);
			runOnlyForDeploymentPostprocessing = 0;
		};
/* End PBXResourcesBuildPhase section */

/* Begin PBXSourcesBuildPhase section */
		C57EE1EF731ED9D3C9EC7E3B /* Sources */ = {
			isa = PBXSourcesBuildPhase;
			buildActionMask = 2147483647;
			files = (
				DAC233BF29BF48A000609709 /* AppDelegate.swift in Sources */,
			);
			runOnlyForDeploymentPostprocessing = 0;
		};
/* End PBXSourcesBuildPhase section */

/* Begin XCBuildConfiguration section */
		7A5AB85E46BADC5069FDFD38 /* Debug */ = {
			isa = XCBuildConfiguration;
			buildSettings = {
				ASSETCATALOG_COMPILER_APPICON_NAME = AppIcon;
				CODE_SIGN_IDENTITY = "iPhone Developer";
				CURRENT_PROJECT_VERSION = 1;
				ENABLE_PREVIEWS = YES;
				INFOPLIST_FILE = iOS/Resources/Info.plist;
				LD_RUNPATH_SEARCH_PATHS = (
					"$(inherited)",
					"@executable_path/Frameworks",
				);
				MARKETING_VERSION = 1.0.0;
				PRODUCT_BUNDLE_IDENTIFIER = "com.github.droibit.${PRODUCT_NAME}";
				PRODUCT_NAME = $TARGET_NAME;
				SDKROOT = iphoneos;
				TARGETED_DEVICE_FAMILY = "1,2";
			};
			name = Debug;
		};
		9736CCFBA6C4A2D50C8CF77D /* Release */ = {
			isa = XCBuildConfiguration;
			buildSettings = {
				ALWAYS_SEARCH_USER_PATHS = NO;
				CLANG_ANALYZER_NONNULL = YES;
				CLANG_ANALYZER_NUMBER_OBJECT_CONVERSION = YES_AGGRESSIVE;
				CLANG_CXX_LANGUAGE_STANDARD = "gnu++14";
				CLANG_CXX_LIBRARY = "libc++";
				CLANG_ENABLE_MODULES = YES;
				CLANG_ENABLE_OBJC_ARC = YES;
				CLANG_ENABLE_OBJC_WEAK = YES;
				CLANG_WARN_BLOCK_CAPTURE_AUTORELEASING = YES;
				CLANG_WARN_BOOL_CONVERSION = YES;
				CLANG_WARN_COMMA = YES;
				CLANG_WARN_CONSTANT_CONVERSION = YES;
				CLANG_WARN_DEPRECATED_OBJC_IMPLEMENTATIONS = YES;
				CLANG_WARN_DIRECT_OBJC_ISA_USAGE = YES_ERROR;
				CLANG_WARN_DOCUMENTATION_COMMENTS = YES;
				CLANG_WARN_EMPTY_BODY = YES;
				CLANG_WARN_ENUM_CONVERSION = YES;
				CLANG_WARN_INFINITE_RECURSION = YES;
				CLANG_WARN_INT_CONVERSION = YES;
				CLANG_WARN_NON_LITERAL_NULL_CONVERSION = YES;
				CLANG_WARN_OBJC_IMPLICIT_RETAIN_SELF = YES;
				CLANG_WARN_OBJC_LITERAL_CONVERSION = YES;
				CLANG_WARN_OBJC_ROOT_CLASS = YES_ERROR;
				CLANG_WARN_QUOTED_INCLUDE_IN_FRAMEWORK_HEADER = YES;
				CLANG_WARN_RANGE_LOOP_ANALYSIS = YES;
				CLANG_WARN_STRICT_PROTOTYPES = YES;
				CLANG_WARN_SUSPICIOUS_MOVE = YES;
				CLANG_WARN_UNGUARDED_AVAILABILITY = YES_AGGRESSIVE;
				CLANG_WARN_UNREACHABLE_CODE = YES;
				CLANG_WARN__DUPLICATE_METHOD_MATCH = YES;
				COPY_PHASE_STRIP = NO;
				DEBUG_INFORMATION_FORMAT = "dwarf-with-dsym";
				ENABLE_NS_ASSERTIONS = NO;
				ENABLE_STRICT_OBJC_MSGSEND = YES;
				GCC_C_LANGUAGE_STANDARD = gnu11;
				GCC_NO_COMMON_BLOCKS = YES;
				GCC_WARN_64_TO_32_BIT_CONVERSION = YES;
				GCC_WARN_ABOUT_RETURN_TYPE = YES_ERROR;
				GCC_WARN_UNDECLARED_SELECTOR = YES;
				GCC_WARN_UNINITIALIZED_AUTOS = YES_AGGRESSIVE;
				GCC_WARN_UNUSED_FUNCTION = YES;
				GCC_WARN_UNUSED_VARIABLE = YES;
				IPHONEOS_DEPLOYMENT_TARGET = 14.0;
				MTL_ENABLE_DEBUG_INFO = NO;
				MTL_FAST_MATH = YES;
				PRODUCT_NAME = "$(TARGET_NAME)";
				SDKROOT = iphoneos;
				SWIFT_COMPILATION_MODE = wholemodule;
				SWIFT_OPTIMIZATION_LEVEL = "-O";
				SWIFT_VERSION = 5.0;
			};
			name = Release;
		};
		BD0C28F8F6BDD880E268D475 /* Debug */ = {
			isa = XCBuildConfiguration;
			buildSettings = {
				ALWAYS_SEARCH_USER_PATHS = NO;
				CLANG_ANALYZER_NONNULL = YES;
				CLANG_ANALYZER_NUMBER_OBJECT_CONVERSION = YES_AGGRESSIVE;
				CLANG_CXX_LANGUAGE_STANDARD = "gnu++14";
				CLANG_CXX_LIBRARY = "libc++";
				CLANG_ENABLE_MODULES = YES;
				CLANG_ENABLE_OBJC_ARC = YES;
				CLANG_ENABLE_OBJC_WEAK = YES;
				CLANG_WARN_BLOCK_CAPTURE_AUTORELEASING = YES;
				CLANG_WARN_BOOL_CONVERSION = YES;
				CLANG_WARN_COMMA = YES;
				CLANG_WARN_CONSTANT_CONVERSION = YES;
				CLANG_WARN_DEPRECATED_OBJC_IMPLEMENTATIONS = YES;
				CLANG_WARN_DIRECT_OBJC_ISA_USAGE = YES_ERROR;
				CLANG_WARN_DOCUMENTATION_COMMENTS = YES;
				CLANG_WARN_EMPTY_BODY = YES;
				CLANG_WARN_ENUM_CONVERSION = YES;
				CLANG_WARN_INFINITE_RECURSION = YES;
				CLANG_WARN_INT_CONVERSION = YES;
				CLANG_WARN_NON_LITERAL_NULL_CONVERSION = YES;
				CLANG_WARN_OBJC_IMPLICIT_RETAIN_SELF = YES;
				CLANG_WARN_OBJC_LITERAL_CONVERSION = YES;
				CLANG_WARN_OBJC_ROOT_CLASS = YES_ERROR;
				CLANG_WARN_QUOTED_INCLUDE_IN_FRAMEWORK_HEADER = YES;
				CLANG_WARN_RANGE_LOOP_ANALYSIS = YES;
				CLANG_WARN_STRICT_PROTOTYPES = YES;
				CLANG_WARN_SUSPICIOUS_MOVE = YES;
				CLANG_WARN_UNGUARDED_AVAILABILITY = YES_AGGRESSIVE;
				CLANG_WARN_UNREACHABLE_CODE = YES;
				CLANG_WARN__DUPLICATE_METHOD_MATCH = YES;
				COPY_PHASE_STRIP = NO;
				DEBUG_INFORMATION_FORMAT = dwarf;
				ENABLE_STRICT_OBJC_MSGSEND = YES;
				ENABLE_TESTABILITY = YES;
				GCC_C_LANGUAGE_STANDARD = gnu11;
				GCC_DYNAMIC_NO_PIC = NO;
				GCC_NO_COMMON_BLOCKS = YES;
				GCC_OPTIMIZATION_LEVEL = 0;
				GCC_PREPROCESSOR_DEFINITIONS = (
					"$(inherited)",
					"DEBUG=1",
				);
				GCC_WARN_64_TO_32_BIT_CONVERSION = YES;
				GCC_WARN_ABOUT_RETURN_TYPE = YES_ERROR;
				GCC_WARN_UNDECLARED_SELECTOR = YES;
				GCC_WARN_UNINITIALIZED_AUTOS = YES_AGGRESSIVE;
				GCC_WARN_UNUSED_FUNCTION = YES;
				GCC_WARN_UNUSED_VARIABLE = YES;
				IPHONEOS_DEPLOYMENT_TARGET = 14.0;
				MTL_ENABLE_DEBUG_INFO = INCLUDE_SOURCE;
				MTL_FAST_MATH = YES;
				ONLY_ACTIVE_ARCH = YES;
				PRODUCT_NAME = "$(TARGET_NAME)";
				SDKROOT = iphoneos;
				SWIFT_ACTIVE_COMPILATION_CONDITIONS = DEBUG;
				SWIFT_OPTIMIZATION_LEVEL = "-Onone";
				SWIFT_VERSION = 5.0;
			};
			name = Debug;
		};
		CC8D9714217FAD6D7CA48A18 /* Release */ = {
			isa = XCBuildConfiguration;
			buildSettings = {
				ASSETCATALOG_COMPILER_APPICON_NAME = AppIcon;
				CODE_SIGN_IDENTITY = "iPhone Developer";
				CURRENT_PROJECT_VERSION = 1;
				ENABLE_PREVIEWS = YES;
				INFOPLIST_FILE = iOS/Resources/Info.plist;
				LD_RUNPATH_SEARCH_PATHS = (
					"$(inherited)",
					"@executable_path/Frameworks",
				);
				MARKETING_VERSION = 1.0.0;
				PRODUCT_BUNDLE_IDENTIFIER = "com.github.droibit.${PRODUCT_NAME}";
				PRODUCT_NAME = $TARGET_NAME;
				SDKROOT = iphoneos;
				TARGETED_DEVICE_FAMILY = "1,2";
			};
			name = Release;
		};
/* End XCBuildConfiguration section */

/* Begin XCConfigurationList section */
		6AF008E52A3CE559F05CC876 /* Build configuration list for PBXProject "SwiftGenSample" */ = {
			isa = XCConfigurationList;
			buildConfigurations = (
				BD0C28F8F6BDD880E268D475 /* Debug */,
				9736CCFBA6C4A2D50C8CF77D /* Release */,
			);
			defaultConfigurationIsVisible = 0;
			defaultConfigurationName = Debug;
		};
		A7DEBB737499F4E8022F7F30 /* Build configuration list for PBXNativeTarget "SwiftGenSample" */ = {
			isa = XCConfigurationList;
			buildConfigurations = (
				7A5AB85E46BADC5069FDFD38 /* Debug */,
				CC8D9714217FAD6D7CA48A18 /* Release */,
			);
			defaultConfigurationIsVisible = 0;
			defaultConfigurationName = Debug;
		};
/* End XCConfigurationList section */

/* Begin XCSwiftPackageProductDependency section */
		DAC233B429BF43D000609709 /* Features */ = {
			isa = XCSwiftPackageProductDependency;
			productName = Features;
		};
/* End XCSwiftPackageProductDependency section */
	};
	rootObject = E05650A40A1A275B82616CAE /* Project object */;
}
