// !$*UTF8*$!
{
	archiveVersion = 1;
	classes = {
	};
	objectVersion = 56;
	objects = {

/* Begin PBXBuildFile section */
		3C7A7DC512FD9220CBAFEF32 /* Assets.xcassets in Resources */ = {isa = PBXBuildFile; fileRef = 79F94896682592BF210292B9 /* Assets.xcassets */; };
		6420473BDD9E3FA60EE3F9CE /* AppDelegate.swift in Sources */ = {isa = PBXBuildFile; fileRef = 00A8C2046A19894A46CECC3D /* AppDelegate.swift */; };
		8296D2036C3BA179F0480F96 /* LaunchScreen.storyboard in Resources */ = {isa = PBXBuildFile; fileRef = DDD5B00202FCB14A487808E0 /* LaunchScreen.storyboard */; };
		DA209A8929BDF8980087615A /* Features in Frameworks */ = {isa = PBXBuildFile; productRef = DA209A8829BDF8980087615A /* Features */; };
/* End PBXBuildFile section */

/* Begin PBXFileReference section */
		00A8C2046A19894A46CECC3D /* AppDelegate.swift */ = {isa = PBXFileReference; lastKnownFileType = sourcecode.swift; path = AppDelegate.swift; sourceTree = "<group>"; };
		79F94896682592BF210292B9 /* Assets.xcassets */ = {isa = PBXFileReference; lastKnownFileType = folder.assetcatalog; path = Assets.xcassets; sourceTree = "<group>"; };
		948CBA8F99E0344DC765551C /* RswiftSample.app */ = {isa = PBXFileReference; explicitFileType = wrapper.application; includeInIndex = 0; path = RswiftSample.app; sourceTree = BUILT_PRODUCTS_DIR; };
		9CE8CE2F36802D35A4F27FEC /* r.swift-sample */ = {isa = PBXFileReference; lastKnownFileType = wrapper; name = "r.swift-sample"; path = ..; sourceTree = "<group>"; };
		DDD5B00202FCB14A487808E0 /* LaunchScreen.storyboard */ = {isa = PBXFileReference; lastKnownFileType = file.storyboard; path = LaunchScreen.storyboard; sourceTree = "<group>"; };
		E32B93D1465341061E6735A7 /* Info.plist */ = {isa = PBXFileReference; lastKnownFileType = text.plist; path = Info.plist; sourceTree = "<group>"; };
/* End PBXFileReference section */

/* Begin PBXFrameworksBuildPhase section */
		DA209A8629BDF8510087615A /* Frameworks */ = {
			isa = PBXFrameworksBuildPhase;
			buildActionMask = 2147483647;
			files = (
				DA209A8929BDF8980087615A /* Features in Frameworks */,
			);
			runOnlyForDeploymentPostprocessing = 0;
		};
/* End PBXFrameworksBuildPhase section */

/* Begin PBXGroup section */
		344E4950CFDE1FCCFB97F900 /* Storyboards */ = {
			isa = PBXGroup;
			children = (
				DDD5B00202FCB14A487808E0 /* LaunchScreen.storyboard */,
			);
			path = Storyboards;
			sourceTree = "<group>";
		};
		3FBA6AC25EEEF0E73589D2F3 /* Resources */ = {
			isa = PBXGroup;
			children = (
				79F94896682592BF210292B9 /* Assets.xcassets */,
				E32B93D1465341061E6735A7 /* Info.plist */,
				344E4950CFDE1FCCFB97F900 /* Storyboards */,
			);
			path = Resources;
			sourceTree = "<group>";
		};
		511BB358619EF3EEF2EDA082 = {
			isa = PBXGroup;
			children = (
				57D484F192D039FDB5A8EBA8 /* iOS */,
				9CE8CE2F36802D35A4F27FEC /* r.swift-sample */,
				DCE100CF2708D0465AAD840C /* Products */,
				DA209A8729BDF8980087615A /* Frameworks */,
			);
			sourceTree = "<group>";
		};
		57D484F192D039FDB5A8EBA8 /* iOS */ = {
			isa = PBXGroup;
			children = (
				00A8C2046A19894A46CECC3D /* AppDelegate.swift */,
				3FBA6AC25EEEF0E73589D2F3 /* Resources */,
			);
			path = iOS;
			sourceTree = "<group>";
		};
		DA209A8729BDF8980087615A /* Frameworks */ = {
			isa = PBXGroup;
			children = (
			);
			name = Frameworks;
			sourceTree = "<group>";
		};
		DCE100CF2708D0465AAD840C /* Products */ = {
			isa = PBXGroup;
			children = (
				948CBA8F99E0344DC765551C /* RswiftSample.app */,
			);
			name = Products;
			sourceTree = "<group>";
		};
/* End PBXGroup section */

/* Begin PBXNativeTarget section */
		8A88BFF22C198724CFCCFCB7 /* RswiftSample */ = {
			isa = PBXNativeTarget;
			buildConfigurationList = 4EB6ED98A54AD77D3C901457 /* Build configuration list for PBXNativeTarget "RswiftSample" */;
			buildPhases = (
				5C0929CCEE6B95A279B675B8 /* Sources */,
				DA209A8629BDF8510087615A /* Frameworks */,
				00F4827E24EC731F4E6B7C4E /* Resources */,
			);
			buildRules = (
			);
			dependencies = (
			);
			name = RswiftSample;
			packageProductDependencies = (
				DA209A8829BDF8980087615A /* Features */,
			);
			productName = RswiftSample;
			productReference = 948CBA8F99E0344DC765551C /* RswiftSample.app */;
			productType = "com.apple.product-type.application";
		};
/* End PBXNativeTarget section */

/* Begin PBXProject section */
		F8AA71C183B75105F672BD9E /* Project object */ = {
			isa = PBXProject;
			attributes = {
				LastUpgradeCheck = 1400;
			};
			buildConfigurationList = D1A1E74BF7E5FBF5A9A0AAE3 /* Build configuration list for PBXProject "RswiftSample" */;
			compatibilityVersion = "Xcode 14.0";
			developmentRegion = en;
			hasScannedForEncodings = 0;
			knownRegions = (
				en,
				ja,
				Base,
			);
			mainGroup = 511BB358619EF3EEF2EDA082;
			projectDirPath = "";
			projectRoot = "";
			targets = (
				8A88BFF22C198724CFCCFCB7 /* RswiftSample */,
			);
		};
/* End PBXProject section */

/* Begin PBXResourcesBuildPhase section */
		00F4827E24EC731F4E6B7C4E /* Resources */ = {
			isa = PBXResourcesBuildPhase;
			buildActionMask = 2147483647;
			files = (
				3C7A7DC512FD9220CBAFEF32 /* Assets.xcassets in Resources */,
				8296D2036C3BA179F0480F96 /* LaunchScreen.storyboard in Resources */,
			);
			runOnlyForDeploymentPostprocessing = 0;
		};
/* End PBXResourcesBuildPhase section */

/* Begin PBXSourcesBuildPhase section */
		5C0929CCEE6B95A279B675B8 /* Sources */ = {
			isa = PBXSourcesBuildPhase;
			buildActionMask = 2147483647;
			files = (
				6420473BDD9E3FA60EE3F9CE /* AppDelegate.swift in Sources */,
			);
			runOnlyForDeploymentPostprocessing = 0;
		};
/* End PBXSourcesBuildPhase section */

/* Begin XCBuildConfiguration section */
		0B2DC6DBC6C2D41D1EBA1387 /* Release */ = {
			isa = XCBuildConfiguration;
			buildSettings = {
				ALWAYS_SEARCH_USER_PATHS = NO;
				CLANG_ANALYZER_NONNULL = YES;
				CLANG_ANALYZER_NUMBER_OBJECT_CONVERSION = YES_AGGRESSIVE;
				CLANG_CXX_LANGUAGE_STANDARD = "gnu++14";
				CLANG_CXX_LIBRARY = "libc++";
				CLANG_ENABLE_MODULES = YES;
				CLANG_ENABLE_OBJC_ARC = YES;
				CLANG_ENABLE_OBJC_WEAK = YES;
				CLANG_WARN_BLOCK_CAPTURE_AUTORELEASING = YES;
				CLANG_WARN_BOOL_CONVERSION = YES;
				CLANG_WARN_COMMA = YES;
				CLANG_WARN_CONSTANT_CONVERSION = YES;
				CLANG_WARN_DEPRECATED_OBJC_IMPLEMENTATIONS = YES;
				CLANG_WARN_DIRECT_OBJC_ISA_USAGE = YES_ERROR;
				CLANG_WARN_DOCUMENTATION_COMMENTS = YES;
				CLANG_WARN_EMPTY_BODY = YES;
				CLANG_WARN_ENUM_CONVERSION = YES;
				CLANG_WARN_INFINITE_RECURSION = YES;
				CLANG_WARN_INT_CONVERSION = YES;
				CLANG_WARN_NON_LITERAL_NULL_CONVERSION = YES;
				CLANG_WARN_OBJC_IMPLICIT_RETAIN_SELF = YES;
				CLANG_WARN_OBJC_LITERAL_CONVERSION = YES;
				CLANG_WARN_OBJC_ROOT_CLASS = YES_ERROR;
				CLANG_WARN_QUOTED_INCLUDE_IN_FRAMEWORK_HEADER = YES;
				CLANG_WARN_RANGE_LOOP_ANALYSIS = YES;
				CLANG_WARN_STRICT_PROTOTYPES = YES;
				CLANG_WARN_SUSPICIOUS_MOVE = YES;
				CLANG_WARN_UNGUARDED_AVAILABILITY = YES_AGGRESSIVE;
				CLANG_WARN_UNREACHABLE_CODE = YES;
				CLANG_WARN__DUPLICATE_METHOD_MATCH = YES;
				COPY_PHASE_STRIP = NO;
				DEBUG_INFORMATION_FORMAT = "dwarf-with-dsym";
				ENABLE_NS_ASSERTIONS = NO;
				ENABLE_STRICT_OBJC_MSGSEND = YES;
				GCC_C_LANGUAGE_STANDARD = gnu11;
				GCC_NO_COMMON_BLOCKS = YES;
				GCC_WARN_64_TO_32_BIT_CONVERSION = YES;
				GCC_WARN_ABOUT_RETURN_TYPE = YES_ERROR;
				GCC_WARN_UNDECLARED_SELECTOR = YES;
				GCC_WARN_UNINITIALIZED_AUTOS = YES_AGGRESSIVE;
				GCC_WARN_UNUSED_FUNCTION = YES;
				GCC_WARN_UNUSED_VARIABLE = YES;
				IPHONEOS_DEPLOYMENT_TARGET = 14.0;
				MTL_ENABLE_DEBUG_INFO = NO;
				MTL_FAST_MATH = YES;
				PRODUCT_NAME = "$(TARGET_NAME)";
				SDKROOT = iphoneos;
				SWIFT_COMPILATION_MODE = wholemodule;
				SWIFT_OPTIMIZATION_LEVEL = "-O";
				SWIFT_VERSION = 5.0;
			};
			name = Release;
		};
		4AF22B8D1E2FE439A94D241D /* Debug */ = {
			isa = XCBuildConfiguration;
			buildSettings = {
				ALWAYS_SEARCH_USER_PATHS = NO;
				CLANG_ANALYZER_NONNULL = YES;
				CLANG_ANALYZER_NUMBER_OBJECT_CONVERSION = YES_AGGRESSIVE;
				CLANG_CXX_LANGUAGE_STANDARD = "gnu++14";
				CLANG_CXX_LIBRARY = "libc++";
				CLANG_ENABLE_MODULES = YES;
				CLANG_ENABLE_OBJC_ARC = YES;
				CLANG_ENABLE_OBJC_WEAK = YES;
				CLANG_WARN_BLOCK_CAPTURE_AUTORELEASING = YES;
				CLANG_WARN_BOOL_CONVERSION = YES;
				CLANG_WARN_COMMA = YES;
				CLANG_WARN_CONSTANT_CONVERSION = YES;
				CLANG_WARN_DEPRECATED_OBJC_IMPLEMENTATIONS = YES;
				CLANG_WARN_DIRECT_OBJC_ISA_USAGE = YES_ERROR;
				CLANG_WARN_DOCUMENTATION_COMMENTS = YES;
				CLANG_WARN_EMPTY_BODY = YES;
				CLANG_WARN_ENUM_CONVERSION = YES;
				CLANG_WARN_INFINITE_RECURSION = YES;
				CLANG_WARN_INT_CONVERSION = YES;
				CLANG_WARN_NON_LITERAL_NULL_CONVERSION = YES;
				CLANG_WARN_OBJC_IMPLICIT_RETAIN_SELF = YES;
				CLANG_WARN_OBJC_LITERAL_CONVERSION = YES;
				CLANG_WARN_OBJC_ROOT_CLASS = YES_ERROR;
				CLANG_WARN_QUOTED_INCLUDE_IN_FRAMEWORK_HEADER = YES;
				CLANG_WARN_RANGE_LOOP_ANALYSIS = YES;
				CLANG_WARN_STRICT_PROTOTYPES = YES;
				CLANG_WARN_SUSPICIOUS_MOVE = YES;
				CLANG_WARN_UNGUARDED_AVAILABILITY = YES_AGGRESSIVE;
				CLANG_WARN_UNREACHABLE_CODE = YES;
				CLANG_WARN__DUPLICATE_METHOD_MATCH = YES;
				COPY_PHASE_STRIP = NO;
				DEBUG_INFORMATION_FORMAT = dwarf;
				ENABLE_STRICT_OBJC_MSGSEND = YES;
				ENABLE_TESTABILITY = YES;
				GCC_C_LANGUAGE_STANDARD = gnu11;
				GCC_DYNAMIC_NO_PIC = NO;
				GCC_NO_COMMON_BLOCKS = YES;
				GCC_OPTIMIZATION_LEVEL = 0;
				GCC_PREPROCESSOR_DEFINITIONS = (
					"$(inherited)",
					"DEBUG=1",
				);
				GCC_WARN_64_TO_32_BIT_CONVERSION = YES;
				GCC_WARN_ABOUT_RETURN_TYPE = YES_ERROR;
				GCC_WARN_UNDECLARED_SELECTOR = YES;
				GCC_WARN_UNINITIALIZED_AUTOS = YES_AGGRESSIVE;
				GCC_WARN_UNUSED_FUNCTION = YES;
				GCC_WARN_UNUSED_VARIABLE = YES;
				IPHONEOS_DEPLOYMENT_TARGET = 14.0;
				MTL_ENABLE_DEBUG_INFO = INCLUDE_SOURCE;
				MTL_FAST_MATH = YES;
				ONLY_ACTIVE_ARCH = YES;
				PRODUCT_NAME = "$(TARGET_NAME)";
				SDKROOT = iphoneos;
				SWIFT_ACTIVE_COMPILATION_CONDITIONS = DEBUG;
				SWIFT_OPTIMIZATION_LEVEL = "-Onone";
				SWIFT_VERSION = 5.0;
			};
			name = Debug;
		};
		A59BA71E20940E5FBBF88863 /* Release */ = {
			isa = XCBuildConfiguration;
			buildSettings = {
				ASSETCATALOG_COMPILER_APPICON_NAME = AppIcon;
				CODE_SIGN_IDENTITY = "iPhone Developer";
				CURRENT_PROJECT_VERSION = 1;
				DEVELOPMENT_TEAM = 8AG5PV5JZM;
				ENABLE_PREVIEWS = YES;
				INFOPLIST_FILE = iOS/Resources/Info.plist;
				LD_RUNPATH_SEARCH_PATHS = (
					"$(inherited)",
					"@executable_path/Frameworks",
				);
				MARKETING_VERSION = 1.0.0;
				PRODUCT_BUNDLE_IDENTIFIER = "com.github.droibit.${PRODUCT_NAME}";
				PRODUCT_NAME = $TARGET_NAME;
				SDKROOT = iphoneos;
				TARGETED_DEVICE_FAMILY = "1,2";
			};
			name = Release;
		};
		EFDE43BF4188C99E69AD0FBB /* Debug */ = {
			isa = XCBuildConfiguration;
			buildSettings = {
				ASSETCATALOG_COMPILER_APPICON_NAME = AppIcon;
				CODE_SIGN_IDENTITY = "iPhone Developer";
				CURRENT_PROJECT_VERSION = 1;
				DEVELOPMENT_TEAM = 8AG5PV5JZM;
				ENABLE_PREVIEWS = YES;
				INFOPLIST_FILE = iOS/Resources/Info.plist;
				LD_RUNPATH_SEARCH_PATHS = (
					"$(inherited)",
					"@executable_path/Frameworks",
				);
				MARKETING_VERSION = 1.0.0;
				PRODUCT_BUNDLE_IDENTIFIER = "com.github.droibit.${PRODUCT_NAME}";
				PRODUCT_NAME = $TARGET_NAME;
				SDKROOT = iphoneos;
				TARGETED_DEVICE_FAMILY = "1,2";
			};
			name = Debug;
		};
/* End XCBuildConfiguration section */

/* Begin XCConfigurationList section */
		4EB6ED98A54AD77D3C901457 /* Build configuration list for PBXNativeTarget "RswiftSample" */ = {
			isa = XCConfigurationList;
			buildConfigurations = (
				EFDE43BF4188C99E69AD0FBB /* Debug */,
				A59BA71E20940E5FBBF88863 /* Release */,
			);
			defaultConfigurationIsVisible = 0;
			defaultConfigurationName = Release;
		};
		D1A1E74BF7E5FBF5A9A0AAE3 /* Build configuration list for PBXProject "RswiftSample" */ = {
			isa = XCConfigurationList;
			buildConfigurations = (
				4AF22B8D1E2FE439A94D241D /* Debug */,
				0B2DC6DBC6C2D41D1EBA1387 /* Release */,
			);
			defaultConfigurationIsVisible = 0;
			defaultConfigurationName = Release;
		};
/* End XCConfigurationList section */

/* Begin XCSwiftPackageProductDependency section */
		DA209A8829BDF8980087615A /* Features */ = {
			isa = XCSwiftPackageProductDependency;
			productName = Features;
		};
/* End XCSwiftPackageProductDependency section */
	};
	rootObject = F8AA71C183B75105F672BD9E /* Project object */;
}
